<?xml version="1.0" encoding="utf-8"?>
<Project ToolsVersion="4.0" xmlns="http://schemas.microsoft.com/developer/msbuild/2003">
  <ItemGroup>
    <ClCompile Include="Source/Application.cpp">
      <Filter>Sources</Filter>
    </ClCompile>
    <ClCompile Include="Source/Log.cpp">
      <Filter>Sources</Filter>
    </ClCompile>
    <ClCompile Include="Source/Main.cpp">
      <Filter>Sources</Filter>
    </ClCompile>
    <ClCompile Include="Source\Map1.cpp">
      <Filter>Sources</Filter>
    </ClCompile>
    <ClCompile Include="Source/ModuleAudio.cpp">
      <Filter>Sources</Filter>
    </ClCompile>
    <ClCompile Include="Source\ModuleGame.cpp">
      <Filter>Sources</Filter>
    </ClCompile>
    <ClCompile Include="Source/ModulePhysics.cpp">
      <Filter>Sources</Filter>
    </ClCompile>
    <ClCompile Include="Source/ModuleRender.cpp">
      <Filter>Sources</Filter>
    </ClCompile>
    <ClCompile Include="Source/ModuleWindow.cpp">
      <Filter>Sources</Filter>
    </ClCompile>
    <ClCompile Include="Source\Player.cpp">
      <Filter>Sources</Filter>
    </ClCompile>
    <ClCompile Include="Source\Scenario.cpp">
      <Filter>Sources</Filter>
    </ClCompile>
    <ClCompile Include="Source\Timer.cpp">
      <Filter>Sources</Filter>
    </ClCompile>
    <ClCompile Include="Source\Scenario.h">
      <Filter>Headers</Filter>
    </ClCompile>
    <ClCompile Include="Source\Hand.cpp">
      <Filter>Sources\Items</Filter>
    </ClCompile>
    <ClCompile Include="Source\Items.cpp">
      <Filter>Sources\Items</Filter>
    </ClCompile>
    <ClCompile Include="Source\Eye.cpp">
      <Filter>Sources\Items</Filter>
    </ClCompile>
    <ClCompile Include="Source\Tooth.cpp">
      <Filter>Sources\Items</Filter>
    </ClCompile>
    <ClCompile Include="Source\Spit.cpp">
      <Filter>Sources\Items</Filter>
    </ClCompile>
    <ClCompile Include="Source\Enemy.cpp">
      <Filter>Sources\Enemies</Filter>
    </ClCompile>
    <ClCompile Include="Source\EnemyPsy.cpp">
      <Filter>Sources\Enemies</Filter>
    </ClCompile>
    <ClCompile Include="Source\EnemyTooth.cpp">
      <Filter>Sources\Enemies</Filter>
    </ClCompile>
  </ItemGroup>
  <ItemGroup>
    <ClInclude Include="Source/Application.h">
      <Filter>Headers</Filter>
    </ClInclude>
    <ClInclude Include="Source/Globals.h">
      <Filter>Headers</Filter>
    </ClInclude>
    <ClInclude Include="Source/Module.h">
      <Filter>Headers</Filter>
    </ClInclude>
    <ClInclude Include="Source\Map1.h">
      <Filter>Headers</Filter>
    </ClInclude>
    <ClInclude Include="Source/ModuleAudio.h">
      <Filter>Headers</Filter>
    </ClInclude>
    <ClInclude Include="Source\ModuleGame.h">
      <Filter>Headers</Filter>
    </ClInclude>
    <ClInclude Include="Source/ModuleWindow.h">
      <Filter>Headers</Filter>
    </ClInclude>
    <ClInclude Include="Source/ModuleRender.h">
      <Filter>Headers</Filter>
    </ClInclude>
    <ClInclude Include="Source/ModulePhysics.h">
      <Filter>Headers</Filter>
    </ClInclude>
    <ClInclude Include="Source\PhysicEntity.h">
      <Filter>Headers</Filter>
    </ClInclude>
    <ClInclude Include="Source\Player.h">
      <Filter>Headers</Filter>
    </ClInclude>
    <ClInclude Include="Source\Timer.h">
      <Filter>Headers</Filter>
    </ClInclude>
    <ClInclude Include="Source/p2Point.h">
      <Filter>Headers\Containers</Filter>
    </ClInclude>
    <ClInclude Include="Source\Car.h">
      <Filter>Headers</Filter>
    </ClInclude>
    <ClInclude Include="Source\Hand.h">
      <Filter>Headers\Items</Filter>
    </ClInclude>
    <ClInclude Include="Source\Items.h">
      <Filter>Headers\Items</Filter>
    </ClInclude>
    <ClInclude Include="Source\Eye.h">
      <Filter>Headers\Items</Filter>
    </ClInclude>
    <ClInclude Include="Source\Tooth.h">
      <Filter>Headers\Items</Filter>
    </ClInclude>
    <ClInclude Include="Source\Spit.h">
      <Filter>Headers\Items</Filter>
    </ClInclude>
    <ClInclude Include="Source\Enemy.h">
      <Filter>Headers\Enemies</Filter>
    </ClInclude>
    <ClInclude Include="Source\EnemyPsy.h">
      <Filter>Headers\Enemies</Filter>
    </ClInclude>
    <ClInclude Include="Source\EnemyTooth.h">
      <Filter>Headers\Enemies</Filter>
    </ClInclude>
  </ItemGroup>
  <ItemGroup>
    <Filter Include="Sources">
      <UniqueIdentifier>{6ac7a782-2058-4c16-b210-cce9f4606a35}</UniqueIdentifier>
    </Filter>
    <Filter Include="Headers">
      <UniqueIdentifier>{1c375fdc-43de-4a52-856c-ef7e7768bdbd}</UniqueIdentifier>
    </Filter>
    <Filter Include="Headers\Containers">
      <UniqueIdentifier>{f1fd6841-a402-4fe9-9618-8ff4984d0933}</UniqueIdentifier>
    </Filter>
    <Filter Include="Headers\Items">
      <UniqueIdentifier>{3a15a32a-5c02-4f2d-8f88-82fd8d0c6179}</UniqueIdentifier>
    </Filter>
    <Filter Include="Sources\Items">
      <UniqueIdentifier>{b5ee802f-f0f6-4136-ad9d-f5e95e8ca4f6}</UniqueIdentifier>
    </Filter>
    <Filter Include="Headers\Enemies">
      <UniqueIdentifier>{c7101a1b-0dfe-496f-85c9-93283ac37bb4}</UniqueIdentifier>
    </Filter>
    <Filter Include="Sources\Enemies">
      <UniqueIdentifier>{164a5e3d-fc6f-4ad4-b5a6-8ae6e101a369}</UniqueIdentifier>
    </Filter>
  </ItemGroup>
  <ItemGroup>
    <ResourceCompile Include="Source\resources.rc">
      <Filter>Headers\Containers</Filter>
    </ResourceCompile>
  </ItemGroup>
</Project>